// !$*UTF8*$!
{
	archiveVersion = 1;
	classes = {
	};
	objectVersion = 48;
	objects = {

/* Begin PBXAggregateTarget section */
		F8217EFD2277FB1500A436BA /* Swiftlint */ = {
			isa = PBXAggregateTarget;
			buildConfigurationList = F8217EFE2277FB1600A436BA /* Build configuration list for PBXAggregateTarget "Swiftlint" */;
			buildPhases = (
				F8217F012277FB1B00A436BA /* Swiftlint */,
			);
			dependencies = (
			);
			name = Swiftlint;
			productName = Swiftlint;
		};
/* End PBXAggregateTarget section */

/* Begin PBXBuildFile section */
		F803D39C21EECE0E001E2DE6 /* PosixValueRepresentable.swift in Sources */ = {isa = PBXBuildFile; fileRef = F803D39B21EECE0E001E2DE6 /* PosixValueRepresentable.swift */; };
		F803D39D21EECE0E001E2DE6 /* PosixValueRepresentable.swift in Sources */ = {isa = PBXBuildFile; fileRef = F803D39B21EECE0E001E2DE6 /* PosixValueRepresentable.swift */; };
		F803D39E21EECE0E001E2DE6 /* PosixValueRepresentable.swift in Sources */ = {isa = PBXBuildFile; fileRef = F803D39B21EECE0E001E2DE6 /* PosixValueRepresentable.swift */; };
		F803D39F21EECE0E001E2DE6 /* PosixValueRepresentable.swift in Sources */ = {isa = PBXBuildFile; fileRef = F803D39B21EECE0E001E2DE6 /* PosixValueRepresentable.swift */; };
		F80EA90E2085E591002D0E36 /* SwiftyPOSIX_C.h in Headers */ = {isa = PBXBuildFile; fileRef = F80EA90A2085E154002D0E36 /* SwiftyPOSIX_C.h */; settings = {ATTRIBUTES = (Public, ); }; };
		F80EA9102085E592002D0E36 /* SwiftyPOSIX_C.h in Headers */ = {isa = PBXBuildFile; fileRef = F80EA90A2085E154002D0E36 /* SwiftyPOSIX_C.h */; settings = {ATTRIBUTES = (Public, ); }; };
		F80EA9122085E592002D0E36 /* SwiftyPOSIX_C.h in Headers */ = {isa = PBXBuildFile; fileRef = F80EA90A2085E154002D0E36 /* SwiftyPOSIX_C.h */; settings = {ATTRIBUTES = (Public, ); }; };
		F80EA9142085E593002D0E36 /* SwiftyPOSIX_C.h in Headers */ = {isa = PBXBuildFile; fileRef = F80EA90A2085E154002D0E36 /* SwiftyPOSIX_C.h */; settings = {ATTRIBUTES = (Public, ); }; };
		F8217EEF2277E13100A436BA /* Assert.swift in Sources */ = {isa = PBXBuildFile; fileRef = F8217EEE2277E13100A436BA /* Assert.swift */; };
		F8217EF02277E13100A436BA /* Assert.swift in Sources */ = {isa = PBXBuildFile; fileRef = F8217EEE2277E13100A436BA /* Assert.swift */; };
		F8217EF12277E13100A436BA /* Assert.swift in Sources */ = {isa = PBXBuildFile; fileRef = F8217EEE2277E13100A436BA /* Assert.swift */; };
		F8217EF22277E13100A436BA /* Assert.swift in Sources */ = {isa = PBXBuildFile; fileRef = F8217EEE2277E13100A436BA /* Assert.swift */; };
		F8217EF52277E20800A436BA /* SP_assert.h in Headers */ = {isa = PBXBuildFile; fileRef = F8217EF32277E20800A436BA /* SP_assert.h */; settings = {ATTRIBUTES = (Public, ); }; };
		F8217EF62277E20800A436BA /* SP_assert.h in Headers */ = {isa = PBXBuildFile; fileRef = F8217EF32277E20800A436BA /* SP_assert.h */; settings = {ATTRIBUTES = (Public, ); }; };
		F8217EF72277E20800A436BA /* SP_assert.h in Headers */ = {isa = PBXBuildFile; fileRef = F8217EF32277E20800A436BA /* SP_assert.h */; settings = {ATTRIBUTES = (Public, ); }; };
		F8217EF82277E20800A436BA /* SP_assert.h in Headers */ = {isa = PBXBuildFile; fileRef = F8217EF32277E20800A436BA /* SP_assert.h */; settings = {ATTRIBUTES = (Public, ); }; };
		F8217EF92277E20800A436BA /* SP_assert.c in Sources */ = {isa = PBXBuildFile; fileRef = F8217EF42277E20800A436BA /* SP_assert.c */; };
		F8217EFA2277E20800A436BA /* SP_assert.c in Sources */ = {isa = PBXBuildFile; fileRef = F8217EF42277E20800A436BA /* SP_assert.c */; };
		F8217EFB2277E20800A436BA /* SP_assert.c in Sources */ = {isa = PBXBuildFile; fileRef = F8217EF42277E20800A436BA /* SP_assert.c */; };
		F8217EFC2277E20800A436BA /* SP_assert.c in Sources */ = {isa = PBXBuildFile; fileRef = F8217EF42277E20800A436BA /* SP_assert.c */; };
		F84E33242094306F00D7A162 /* Unistd.swift in Sources */ = {isa = PBXBuildFile; fileRef = F84E33232094306F00D7A162 /* Unistd.swift */; };
		F84E33252094306F00D7A162 /* Unistd.swift in Sources */ = {isa = PBXBuildFile; fileRef = F84E33232094306F00D7A162 /* Unistd.swift */; };
		F84E33262094306F00D7A162 /* Unistd.swift in Sources */ = {isa = PBXBuildFile; fileRef = F84E33232094306F00D7A162 /* Unistd.swift */; };
		F84E33272094306F00D7A162 /* Unistd.swift in Sources */ = {isa = PBXBuildFile; fileRef = F84E33232094306F00D7A162 /* Unistd.swift */; };
		F86D616422793571008E616D /* AssertTests.swift in Sources */ = {isa = PBXBuildFile; fileRef = F86D616322793571008E616D /* AssertTests.swift */; };
		F86D616522793571008E616D /* AssertTests.swift in Sources */ = {isa = PBXBuildFile; fileRef = F86D616322793571008E616D /* AssertTests.swift */; };
		F86D616622793571008E616D /* AssertTests.swift in Sources */ = {isa = PBXBuildFile; fileRef = F86D616322793571008E616D /* AssertTests.swift */; };
		F88914CF2069F27300892FE8 /* Errno.swift in Sources */ = {isa = PBXBuildFile; fileRef = F88914CE2069F27300892FE8 /* Errno.swift */; };
		F88914D02069F27300892FE8 /* Errno.swift in Sources */ = {isa = PBXBuildFile; fileRef = F88914CE2069F27300892FE8 /* Errno.swift */; };
		F88914D12069F27300892FE8 /* Errno.swift in Sources */ = {isa = PBXBuildFile; fileRef = F88914CE2069F27300892FE8 /* Errno.swift */; };
		F88914D22069F27300892FE8 /* Errno.swift in Sources */ = {isa = PBXBuildFile; fileRef = F88914CE2069F27300892FE8 /* Errno.swift */; };
		F88914D8206A013200892FE8 /* SwifyPOSIX.swift in Sources */ = {isa = PBXBuildFile; fileRef = F88914D7206A013200892FE8 /* SwifyPOSIX.swift */; };
		F88914D9206A013200892FE8 /* SwifyPOSIX.swift in Sources */ = {isa = PBXBuildFile; fileRef = F88914D7206A013200892FE8 /* SwifyPOSIX.swift */; };
		F88914DA206A013200892FE8 /* SwifyPOSIX.swift in Sources */ = {isa = PBXBuildFile; fileRef = F88914D7206A013200892FE8 /* SwifyPOSIX.swift */; };
		F88914DB206A013200892FE8 /* SwifyPOSIX.swift in Sources */ = {isa = PBXBuildFile; fileRef = F88914D7206A013200892FE8 /* SwifyPOSIX.swift */; };
		F8958DC7203A622700A99A02 /* PThreadSpecificKey.swift in Sources */ = {isa = PBXBuildFile; fileRef = F8958DC6203A622700A99A02 /* PThreadSpecificKey.swift */; };
		F8958DC8203A622700A99A02 /* PThreadSpecificKey.swift in Sources */ = {isa = PBXBuildFile; fileRef = F8958DC6203A622700A99A02 /* PThreadSpecificKey.swift */; };
		F8958DC9203A622700A99A02 /* PThreadSpecificKey.swift in Sources */ = {isa = PBXBuildFile; fileRef = F8958DC6203A622700A99A02 /* PThreadSpecificKey.swift */; };
		F8958DCA203A622700A99A02 /* PThreadSpecificKey.swift in Sources */ = {isa = PBXBuildFile; fileRef = F8958DC6203A622700A99A02 /* PThreadSpecificKey.swift */; };
		F8A4BF25213DF2C600AA8A05 /* SP_unistd.h in Headers */ = {isa = PBXBuildFile; fileRef = F8A4BF23213DF2C600AA8A05 /* SP_unistd.h */; settings = {ATTRIBUTES = (Public, ); }; };
		F8A4BF26213DF2C600AA8A05 /* SP_unistd.c in Sources */ = {isa = PBXBuildFile; fileRef = F8A4BF24213DF2C600AA8A05 /* SP_unistd.c */; };
		F8A4BF27213DF31400AA8A05 /* SP_unistd.h in Headers */ = {isa = PBXBuildFile; fileRef = F8A4BF23213DF2C600AA8A05 /* SP_unistd.h */; settings = {ATTRIBUTES = (Public, ); }; };
		F8A4BF28213DF31500AA8A05 /* SP_unistd.h in Headers */ = {isa = PBXBuildFile; fileRef = F8A4BF23213DF2C600AA8A05 /* SP_unistd.h */; settings = {ATTRIBUTES = (Public, ); }; };
		F8A4BF29213DF31700AA8A05 /* SP_unistd.h in Headers */ = {isa = PBXBuildFile; fileRef = F8A4BF23213DF2C600AA8A05 /* SP_unistd.h */; settings = {ATTRIBUTES = (Public, ); }; };
		F8A4BF2A213DF43B00AA8A05 /* SP_unistd.c in Sources */ = {isa = PBXBuildFile; fileRef = F8A4BF24213DF2C600AA8A05 /* SP_unistd.c */; };
		F8A4BF2B213DF43B00AA8A05 /* SP_unistd.c in Sources */ = {isa = PBXBuildFile; fileRef = F8A4BF24213DF2C600AA8A05 /* SP_unistd.c */; };
		F8A4BF2C213DF43C00AA8A05 /* SP_unistd.c in Sources */ = {isa = PBXBuildFile; fileRef = F8A4BF24213DF2C600AA8A05 /* SP_unistd.c */; };
		F8B1DBB9202EC10600EAC350 /* SwiftyPOSIX.framework in Frameworks */ = {isa = PBXBuildFile; fileRef = F8B1DBB0202EC10500EAC350 /* SwiftyPOSIX.framework */; };
		F8B1DBD5202EC11200EAC350 /* SwiftyPOSIX.framework in Frameworks */ = {isa = PBXBuildFile; fileRef = F8B1DBCC202EC11100EAC350 /* SwiftyPOSIX.framework */; };
		F8B1DBF1202EC11D00EAC350 /* SwiftyPOSIX.framework in Frameworks */ = {isa = PBXBuildFile; fileRef = F8B1DBE8202EC11D00EAC350 /* SwiftyPOSIX.framework */; };
		F8B1DC12202EC26B00EAC350 /* SwiftyPOSIX.h in Headers */ = {isa = PBXBuildFile; fileRef = F8B1DB94202EC07100EAC350 /* SwiftyPOSIX.h */; settings = {ATTRIBUTES = (Public, ); }; };
		F8B1DC13202EC26C00EAC350 /* SwiftyPOSIX.h in Headers */ = {isa = PBXBuildFile; fileRef = F8B1DB94202EC07100EAC350 /* SwiftyPOSIX.h */; settings = {ATTRIBUTES = (Public, ); }; };
		F8B1DC14202EC26D00EAC350 /* SwiftyPOSIX.h in Headers */ = {isa = PBXBuildFile; fileRef = F8B1DB94202EC07100EAC350 /* SwiftyPOSIX.h */; settings = {ATTRIBUTES = (Public, ); }; };
		F8B1DC15202EC26E00EAC350 /* SwiftyPOSIX.h in Headers */ = {isa = PBXBuildFile; fileRef = F8B1DB94202EC07100EAC350 /* SwiftyPOSIX.h */; settings = {ATTRIBUTES = (Public, ); }; };
		F8B1DC23202EC9F300EAC350 /* PThread.swift in Sources */ = {isa = PBXBuildFile; fileRef = F8B1DC22202EC9F300EAC350 /* PThread.swift */; };
		F8B1DC24202EC9F300EAC350 /* PThread.swift in Sources */ = {isa = PBXBuildFile; fileRef = F8B1DC22202EC9F300EAC350 /* PThread.swift */; };
		F8B1DC25202EC9F300EAC350 /* PThread.swift in Sources */ = {isa = PBXBuildFile; fileRef = F8B1DC22202EC9F300EAC350 /* PThread.swift */; };
		F8B1DC26202EC9F300EAC350 /* PThread.swift in Sources */ = {isa = PBXBuildFile; fileRef = F8B1DC22202EC9F300EAC350 /* PThread.swift */; };
		F8B1DC28202ECB3900EAC350 /* PThreadAttribute.swift in Sources */ = {isa = PBXBuildFile; fileRef = F8B1DC27202ECB3900EAC350 /* PThreadAttribute.swift */; };
		F8B1DC29202ECB3900EAC350 /* PThreadAttribute.swift in Sources */ = {isa = PBXBuildFile; fileRef = F8B1DC27202ECB3900EAC350 /* PThreadAttribute.swift */; };
		F8B1DC2A202ECB3900EAC350 /* PThreadAttribute.swift in Sources */ = {isa = PBXBuildFile; fileRef = F8B1DC27202ECB3900EAC350 /* PThreadAttribute.swift */; };
		F8B1DC2B202ECB3900EAC350 /* PThreadAttribute.swift in Sources */ = {isa = PBXBuildFile; fileRef = F8B1DC27202ECB3900EAC350 /* PThreadAttribute.swift */; };
		F8B1DC2E202ECB6F00EAC350 /* PThreadMutex.swift in Sources */ = {isa = PBXBuildFile; fileRef = F8B1DC2D202ECB6F00EAC350 /* PThreadMutex.swift */; };
		F8B1DC2F202ECB6F00EAC350 /* PThreadMutex.swift in Sources */ = {isa = PBXBuildFile; fileRef = F8B1DC2D202ECB6F00EAC350 /* PThreadMutex.swift */; };
		F8B1DC30202ECB6F00EAC350 /* PThreadMutex.swift in Sources */ = {isa = PBXBuildFile; fileRef = F8B1DC2D202ECB6F00EAC350 /* PThreadMutex.swift */; };
		F8B1DC31202ECB6F00EAC350 /* PThreadMutex.swift in Sources */ = {isa = PBXBuildFile; fileRef = F8B1DC2D202ECB6F00EAC350 /* PThreadMutex.swift */; };
		F8B1DC33202ECB7D00EAC350 /* PThreadMutexAttribute.swift in Sources */ = {isa = PBXBuildFile; fileRef = F8B1DC32202ECB7D00EAC350 /* PThreadMutexAttribute.swift */; };
		F8B1DC34202ECB7E00EAC350 /* PThreadMutexAttribute.swift in Sources */ = {isa = PBXBuildFile; fileRef = F8B1DC32202ECB7D00EAC350 /* PThreadMutexAttribute.swift */; };
		F8B1DC35202ECB7E00EAC350 /* PThreadMutexAttribute.swift in Sources */ = {isa = PBXBuildFile; fileRef = F8B1DC32202ECB7D00EAC350 /* PThreadMutexAttribute.swift */; };
		F8B1DC36202ECB7E00EAC350 /* PThreadMutexAttribute.swift in Sources */ = {isa = PBXBuildFile; fileRef = F8B1DC32202ECB7D00EAC350 /* PThreadMutexAttribute.swift */; };
		F8B1DC38202ECB9200EAC350 /* PThreadCondition.swift in Sources */ = {isa = PBXBuildFile; fileRef = F8B1DC37202ECB9200EAC350 /* PThreadCondition.swift */; };
		F8B1DC39202ECB9200EAC350 /* PThreadCondition.swift in Sources */ = {isa = PBXBuildFile; fileRef = F8B1DC37202ECB9200EAC350 /* PThreadCondition.swift */; };
		F8B1DC3A202ECB9200EAC350 /* PThreadCondition.swift in Sources */ = {isa = PBXBuildFile; fileRef = F8B1DC37202ECB9200EAC350 /* PThreadCondition.swift */; };
		F8B1DC3B202ECB9200EAC350 /* PThreadCondition.swift in Sources */ = {isa = PBXBuildFile; fileRef = F8B1DC37202ECB9200EAC350 /* PThreadCondition.swift */; };
		F8B1DC3D202ECB9F00EAC350 /* PThreadConditionAttribute.swift in Sources */ = {isa = PBXBuildFile; fileRef = F8B1DC3C202ECB9F00EAC350 /* PThreadConditionAttribute.swift */; };
		F8B1DC3E202ECB9F00EAC350 /* PThreadConditionAttribute.swift in Sources */ = {isa = PBXBuildFile; fileRef = F8B1DC3C202ECB9F00EAC350 /* PThreadConditionAttribute.swift */; };
		F8B1DC3F202ECB9F00EAC350 /* PThreadConditionAttribute.swift in Sources */ = {isa = PBXBuildFile; fileRef = F8B1DC3C202ECB9F00EAC350 /* PThreadConditionAttribute.swift */; };
		F8B1DC40202ECB9F00EAC350 /* PThreadConditionAttribute.swift in Sources */ = {isa = PBXBuildFile; fileRef = F8B1DC3C202ECB9F00EAC350 /* PThreadConditionAttribute.swift */; };
		F8B1DC42202ECBB100EAC350 /* PThreadReadWriteLock.swift in Sources */ = {isa = PBXBuildFile; fileRef = F8B1DC41202ECBB100EAC350 /* PThreadReadWriteLock.swift */; };
		F8B1DC43202ECBB100EAC350 /* PThreadReadWriteLock.swift in Sources */ = {isa = PBXBuildFile; fileRef = F8B1DC41202ECBB100EAC350 /* PThreadReadWriteLock.swift */; };
		F8B1DC44202ECBB100EAC350 /* PThreadReadWriteLock.swift in Sources */ = {isa = PBXBuildFile; fileRef = F8B1DC41202ECBB100EAC350 /* PThreadReadWriteLock.swift */; };
		F8B1DC45202ECBB100EAC350 /* PThreadReadWriteLock.swift in Sources */ = {isa = PBXBuildFile; fileRef = F8B1DC41202ECBB100EAC350 /* PThreadReadWriteLock.swift */; };
		F8CBB86021E1DF8200DB022F /* UnistdFunctionConstantsPathconfNameTests.swift in Sources */ = {isa = PBXBuildFile; fileRef = F8CBB85F21E1DF8200DB022F /* UnistdFunctionConstantsPathconfNameTests.swift */; };
		F8CBB86121E1DF8200DB022F /* UnistdFunctionConstantsPathconfNameTests.swift in Sources */ = {isa = PBXBuildFile; fileRef = F8CBB85F21E1DF8200DB022F /* UnistdFunctionConstantsPathconfNameTests.swift */; };
		F8CBB86221E1DF8200DB022F /* UnistdFunctionConstantsPathconfNameTests.swift in Sources */ = {isa = PBXBuildFile; fileRef = F8CBB85F21E1DF8200DB022F /* UnistdFunctionConstantsPathconfNameTests.swift */; };
		F8CBB8F721E84D8E00DB022F /* CPIO.swift in Sources */ = {isa = PBXBuildFile; fileRef = F8CBB8F621E84D8E00DB022F /* CPIO.swift */; };
		F8CBB8F821E84D8E00DB022F /* CPIO.swift in Sources */ = {isa = PBXBuildFile; fileRef = F8CBB8F621E84D8E00DB022F /* CPIO.swift */; };
		F8CBB8F921E84D8E00DB022F /* CPIO.swift in Sources */ = {isa = PBXBuildFile; fileRef = F8CBB8F621E84D8E00DB022F /* CPIO.swift */; };
		F8CBB8FA21E84D8E00DB022F /* CPIO.swift in Sources */ = {isa = PBXBuildFile; fileRef = F8CBB8F621E84D8E00DB022F /* CPIO.swift */; };
		F8CBB8FE21E851E600DB022F /* CPIOTests.swift in Sources */ = {isa = PBXBuildFile; fileRef = F8CBB8FD21E851E600DB022F /* CPIOTests.swift */; };
		F8CBB8FF21E851E600DB022F /* CPIOTests.swift in Sources */ = {isa = PBXBuildFile; fileRef = F8CBB8FD21E851E600DB022F /* CPIOTests.swift */; };
		F8CBB90021E851E600DB022F /* CPIOTests.swift in Sources */ = {isa = PBXBuildFile; fileRef = F8CBB8FD21E851E600DB022F /* CPIOTests.swift */; };
		F8D5AEB1217ADA82006B19D2 /* ErrnoTests.swift in Sources */ = {isa = PBXBuildFile; fileRef = F8D5AEB0217ADA82006B19D2 /* ErrnoTests.swift */; };
		F8D5AEB2217ADA82006B19D2 /* ErrnoTests.swift in Sources */ = {isa = PBXBuildFile; fileRef = F8D5AEB0217ADA82006B19D2 /* ErrnoTests.swift */; };
		F8D5AEB3217ADA82006B19D2 /* ErrnoTests.swift in Sources */ = {isa = PBXBuildFile; fileRef = F8D5AEB0217ADA82006B19D2 /* ErrnoTests.swift */; };
		F8D5AEB6217ADAD9006B19D2 /* PThreadSpecificTests.swift in Sources */ = {isa = PBXBuildFile; fileRef = F8D5AEB5217ADAD8006B19D2 /* PThreadSpecificTests.swift */; };
		F8D5AEB7217ADAD9006B19D2 /* PThreadSpecificTests.swift in Sources */ = {isa = PBXBuildFile; fileRef = F8D5AEB5217ADAD8006B19D2 /* PThreadSpecificTests.swift */; };
		F8D5AEB8217ADAD9006B19D2 /* PThreadSpecificTests.swift in Sources */ = {isa = PBXBuildFile; fileRef = F8D5AEB5217ADAD8006B19D2 /* PThreadSpecificTests.swift */; };
		F8F41C3621423725000935F0 /* Int.swift in Sources */ = {isa = PBXBuildFile; fileRef = F8F41C3521423725000935F0 /* Int.swift */; };
		F8F41C3721423725000935F0 /* Int.swift in Sources */ = {isa = PBXBuildFile; fileRef = F8F41C3521423725000935F0 /* Int.swift */; };
		F8F41C3821423725000935F0 /* Int.swift in Sources */ = {isa = PBXBuildFile; fileRef = F8F41C3521423725000935F0 /* Int.swift */; };
		F8F41C3921423725000935F0 /* Int.swift in Sources */ = {isa = PBXBuildFile; fileRef = F8F41C3521423725000935F0 /* Int.swift */; };
/* End PBXBuildFile section */

/* Begin PBXContainerItemProxy section */
		F8B1DBBA202EC10600EAC350 /* PBXContainerItemProxy */ = {
			isa = PBXContainerItemProxy;
			containerPortal = F8B1DB88202EC07100EAC350 /* Project object */;
			proxyType = 1;
			remoteGlobalIDString = F8B1DBAF202EC10500EAC350;
			remoteInfo = "SwiftyPOSIX iOS";
		};
		F8B1DBD6202EC11200EAC350 /* PBXContainerItemProxy */ = {
			isa = PBXContainerItemProxy;
			containerPortal = F8B1DB88202EC07100EAC350 /* Project object */;
			proxyType = 1;
			remoteGlobalIDString = F8B1DBCB202EC11100EAC350;
			remoteInfo = "SwiftyPOSIX macOS";
		};
		F8B1DBF2202EC11D00EAC350 /* PBXContainerItemProxy */ = {
			isa = PBXContainerItemProxy;
			containerPortal = F8B1DB88202EC07100EAC350 /* Project object */;
			proxyType = 1;
			remoteGlobalIDString = F8B1DBE7202EC11D00EAC350;
			remoteInfo = "SwiftyPOSIX tvOS";
		};
/* End PBXContainerItemProxy section */

/* Begin PBXFileReference section */
		F803D39B21EECE0E001E2DE6 /* PosixValueRepresentable.swift */ = {isa = PBXFileReference; lastKnownFileType = sourcecode.swift; path = PosixValueRepresentable.swift; sourceTree = "<group>"; };
		F80EA90A2085E154002D0E36 /* SwiftyPOSIX_C.h */ = {isa = PBXFileReference; lastKnownFileType = sourcecode.c.h; path = SwiftyPOSIX_C.h; sourceTree = "<group>"; };
		F80EA90B2085E168002D0E36 /* module.modulemap */ = {isa = PBXFileReference; lastKnownFileType = "sourcecode.module-map"; path = module.modulemap; sourceTree = "<group>"; };
		F8217EEE2277E13100A436BA /* Assert.swift */ = {isa = PBXFileReference; lastKnownFileType = sourcecode.swift; path = Assert.swift; sourceTree = "<group>"; };
		F8217EF32277E20800A436BA /* SP_assert.h */ = {isa = PBXFileReference; lastKnownFileType = sourcecode.c.h; path = SP_assert.h; sourceTree = "<group>"; };
		F8217EF42277E20800A436BA /* SP_assert.c */ = {isa = PBXFileReference; lastKnownFileType = sourcecode.c.c; path = SP_assert.c; sourceTree = "<group>"; };
		F84E33232094306F00D7A162 /* Unistd.swift */ = {isa = PBXFileReference; lastKnownFileType = sourcecode.swift; path = Unistd.swift; sourceTree = "<group>"; };
		F86D616322793571008E616D /* AssertTests.swift */ = {isa = PBXFileReference; lastKnownFileType = sourcecode.swift; path = AssertTests.swift; sourceTree = "<group>"; };
		F88914CE2069F27300892FE8 /* Errno.swift */ = {isa = PBXFileReference; lastKnownFileType = sourcecode.swift; path = Errno.swift; sourceTree = "<group>"; };
		F88914D7206A013200892FE8 /* SwifyPOSIX.swift */ = {isa = PBXFileReference; lastKnownFileType = sourcecode.swift; path = SwifyPOSIX.swift; sourceTree = "<group>"; };
		F8958DC6203A622700A99A02 /* PThreadSpecificKey.swift */ = {isa = PBXFileReference; lastKnownFileType = sourcecode.swift; path = PThreadSpecificKey.swift; sourceTree = "<group>"; };
		F8A4BF23213DF2C600AA8A05 /* SP_unistd.h */ = {isa = PBXFileReference; lastKnownFileType = sourcecode.c.h; path = SP_unistd.h; sourceTree = "<group>"; };
		F8A4BF24213DF2C600AA8A05 /* SP_unistd.c */ = {isa = PBXFileReference; lastKnownFileType = sourcecode.c.c; path = SP_unistd.c; sourceTree = "<group>"; };
		F8B1DB94202EC07100EAC350 /* SwiftyPOSIX.h */ = {isa = PBXFileReference; lastKnownFileType = sourcecode.c.h; path = SwiftyPOSIX.h; sourceTree = "<group>"; };
		F8B1DB95202EC07100EAC350 /* Info.plist */ = {isa = PBXFileReference; lastKnownFileType = text.plist.xml; path = Info.plist; sourceTree = "<group>"; };
		F8B1DBA1202EC07100EAC350 /* Info.plist */ = {isa = PBXFileReference; lastKnownFileType = text.plist.xml; path = Info.plist; sourceTree = "<group>"; };
		F8B1DBB0202EC10500EAC350 /* SwiftyPOSIX.framework */ = {isa = PBXFileReference; explicitFileType = wrapper.framework; includeInIndex = 0; path = SwiftyPOSIX.framework; sourceTree = BUILT_PRODUCTS_DIR; };
		F8B1DBB8202EC10600EAC350 /* SwiftyPOSIX iOSTests.xctest */ = {isa = PBXFileReference; explicitFileType = wrapper.cfbundle; includeInIndex = 0; path = "SwiftyPOSIX iOSTests.xctest"; sourceTree = BUILT_PRODUCTS_DIR; };
		F8B1DBCC202EC11100EAC350 /* SwiftyPOSIX.framework */ = {isa = PBXFileReference; explicitFileType = wrapper.framework; includeInIndex = 0; path = SwiftyPOSIX.framework; sourceTree = BUILT_PRODUCTS_DIR; };
		F8B1DBD4202EC11200EAC350 /* SwiftyPOSIX macOSTests.xctest */ = {isa = PBXFileReference; explicitFileType = wrapper.cfbundle; includeInIndex = 0; path = "SwiftyPOSIX macOSTests.xctest"; sourceTree = BUILT_PRODUCTS_DIR; };
		F8B1DBE8202EC11D00EAC350 /* SwiftyPOSIX.framework */ = {isa = PBXFileReference; explicitFileType = wrapper.framework; includeInIndex = 0; path = SwiftyPOSIX.framework; sourceTree = BUILT_PRODUCTS_DIR; };
		F8B1DBF0202EC11D00EAC350 /* SwiftyPOSIX tvOSTests.xctest */ = {isa = PBXFileReference; explicitFileType = wrapper.cfbundle; includeInIndex = 0; path = "SwiftyPOSIX tvOSTests.xctest"; sourceTree = BUILT_PRODUCTS_DIR; };
		F8B1DC04202EC12900EAC350 /* SwiftyPOSIX.framework */ = {isa = PBXFileReference; explicitFileType = wrapper.framework; includeInIndex = 0; path = SwiftyPOSIX.framework; sourceTree = BUILT_PRODUCTS_DIR; };
		F8B1DC11202EC1CE00EAC350 /* LinuxMain.swift */ = {isa = PBXFileReference; lastKnownFileType = sourcecode.swift; path = LinuxMain.swift; sourceTree = "<group>"; };
		F8B1DC16202EC2C300EAC350 /* module.modulemap */ = {isa = PBXFileReference; lastKnownFileType = "sourcecode.module-map"; path = module.modulemap; sourceTree = "<group>"; };
		F8B1DC19202EC43400EAC350 /* Package.swift */ = {isa = PBXFileReference; lastKnownFileType = sourcecode.swift; path = Package.swift; sourceTree = "<group>"; };
		F8B1DC1A202EC43E00EAC350 /* README.md */ = {isa = PBXFileReference; lastKnownFileType = net.daringfireball.markdown; path = README.md; sourceTree = "<group>"; };
		F8B1DC22202EC9F300EAC350 /* PThread.swift */ = {isa = PBXFileReference; lastKnownFileType = sourcecode.swift; path = PThread.swift; sourceTree = "<group>"; };
		F8B1DC27202ECB3900EAC350 /* PThreadAttribute.swift */ = {isa = PBXFileReference; lastKnownFileType = sourcecode.swift; path = PThreadAttribute.swift; sourceTree = "<group>"; };
		F8B1DC2D202ECB6F00EAC350 /* PThreadMutex.swift */ = {isa = PBXFileReference; lastKnownFileType = sourcecode.swift; path = PThreadMutex.swift; sourceTree = "<group>"; };
		F8B1DC32202ECB7D00EAC350 /* PThreadMutexAttribute.swift */ = {isa = PBXFileReference; lastKnownFileType = sourcecode.swift; path = PThreadMutexAttribute.swift; sourceTree = "<group>"; };
		F8B1DC37202ECB9200EAC350 /* PThreadCondition.swift */ = {isa = PBXFileReference; lastKnownFileType = sourcecode.swift; path = PThreadCondition.swift; sourceTree = "<group>"; };
		F8B1DC3C202ECB9F00EAC350 /* PThreadConditionAttribute.swift */ = {isa = PBXFileReference; lastKnownFileType = sourcecode.swift; path = PThreadConditionAttribute.swift; sourceTree = "<group>"; };
		F8B1DC41202ECBB100EAC350 /* PThreadReadWriteLock.swift */ = {isa = PBXFileReference; lastKnownFileType = sourcecode.swift; path = PThreadReadWriteLock.swift; sourceTree = "<group>"; };
		F8CBB85F21E1DF8200DB022F /* UnistdFunctionConstantsPathconfNameTests.swift */ = {isa = PBXFileReference; lastKnownFileType = sourcecode.swift; path = UnistdFunctionConstantsPathconfNameTests.swift; sourceTree = "<group>"; };
		F8CBB86321E3199500DB022F /* .travis.yml */ = {isa = PBXFileReference; lastKnownFileType = text; path = .travis.yml; sourceTree = "<group>"; };
		F8CBB8E821E5C5C100DB022F /* .travis-ci.sh */ = {isa = PBXFileReference; lastKnownFileType = text.script.sh; path = ".travis-ci.sh"; sourceTree = "<group>"; };
		F8CBB8F621E84D8E00DB022F /* CPIO.swift */ = {isa = PBXFileReference; lastKnownFileType = sourcecode.swift; path = CPIO.swift; sourceTree = "<group>"; };
		F8CBB8FD21E851E600DB022F /* CPIOTests.swift */ = {isa = PBXFileReference; lastKnownFileType = sourcecode.swift; path = CPIOTests.swift; sourceTree = "<group>"; };
		F8CBB90121E8624F00DB022F /* .travis-ci-before-install.sh */ = {isa = PBXFileReference; lastKnownFileType = text.script.sh; path = ".travis-ci-before-install.sh"; sourceTree = "<group>"; };
		F8D5AEB0217ADA82006B19D2 /* ErrnoTests.swift */ = {isa = PBXFileReference; lastKnownFileType = sourcecode.swift; path = ErrnoTests.swift; sourceTree = "<group>"; };
		F8D5AEB5217ADAD8006B19D2 /* PThreadSpecificTests.swift */ = {isa = PBXFileReference; lastKnownFileType = sourcecode.swift; path = PThreadSpecificTests.swift; sourceTree = "<group>"; };
		F8D5AEB9217ADB79006B19D2 /* XCTestManifests.swift */ = {isa = PBXFileReference; fileEncoding = 4; lastKnownFileType = sourcecode.swift; path = XCTestManifests.swift; sourceTree = "<group>"; };
		F8F41C3521423725000935F0 /* Int.swift */ = {isa = PBXFileReference; lastKnownFileType = sourcecode.swift; path = Int.swift; sourceTree = "<group>"; };
/* End PBXFileReference section */

/* Begin PBXFrameworksBuildPhase section */
		F8B1DBAC202EC10500EAC350 /* Frameworks */ = {
			isa = PBXFrameworksBuildPhase;
			buildActionMask = 2147483647;
			files = (
			);
			runOnlyForDeploymentPostprocessing = 0;
		};
		F8B1DBB5202EC10600EAC350 /* Frameworks */ = {
			isa = PBXFrameworksBuildPhase;
			buildActionMask = 2147483647;
			files = (
				F8B1DBB9202EC10600EAC350 /* SwiftyPOSIX.framework in Frameworks */,
			);
			runOnlyForDeploymentPostprocessing = 0;
		};
		F8B1DBC8202EC11100EAC350 /* Frameworks */ = {
			isa = PBXFrameworksBuildPhase;
			buildActionMask = 2147483647;
			files = (
			);
			runOnlyForDeploymentPostprocessing = 0;
		};
		F8B1DBD1202EC11200EAC350 /* Frameworks */ = {
			isa = PBXFrameworksBuildPhase;
			buildActionMask = 2147483647;
			files = (
				F8B1DBD5202EC11200EAC350 /* SwiftyPOSIX.framework in Frameworks */,
			);
			runOnlyForDeploymentPostprocessing = 0;
		};
		F8B1DBE4202EC11D00EAC350 /* Frameworks */ = {
			isa = PBXFrameworksBuildPhase;
			buildActionMask = 2147483647;
			files = (
			);
			runOnlyForDeploymentPostprocessing = 0;
		};
		F8B1DBED202EC11D00EAC350 /* Frameworks */ = {
			isa = PBXFrameworksBuildPhase;
			buildActionMask = 2147483647;
			files = (
				F8B1DBF1202EC11D00EAC350 /* SwiftyPOSIX.framework in Frameworks */,
			);
			runOnlyForDeploymentPostprocessing = 0;
		};
		F8B1DC00202EC12900EAC350 /* Frameworks */ = {
			isa = PBXFrameworksBuildPhase;
			buildActionMask = 2147483647;
			files = (
			);
			runOnlyForDeploymentPostprocessing = 0;
		};
/* End PBXFrameworksBuildPhase section */

/* Begin PBXGroup section */
		F803D39A21EECDF1001E2DE6 /* Protocols */ = {
			isa = PBXGroup;
			children = (
				F803D39B21EECE0E001E2DE6 /* PosixValueRepresentable.swift */,
			);
			path = Protocols;
			sourceTree = "<group>";
		};
		F80EA9082085E11A002D0E36 /* C */ = {
			isa = PBXGroup;
			children = (
				F80EA9092085E140002D0E36 /* include */,
				F8A4BF24213DF2C600AA8A05 /* SP_unistd.c */,
				F8217EF42277E20800A436BA /* SP_assert.c */,
			);
			path = C;
			sourceTree = "<group>";
		};
		F80EA9092085E140002D0E36 /* include */ = {
			isa = PBXGroup;
			children = (
				F80EA90B2085E168002D0E36 /* module.modulemap */,
				F80EA90A2085E154002D0E36 /* SwiftyPOSIX_C.h */,
				F8217EF32277E20800A436BA /* SP_assert.h */,
				F8A4BF23213DF2C600AA8A05 /* SP_unistd.h */,
			);
			path = include;
			sourceTree = "<group>";
		};
		F8B1DB87202EC07100EAC350 = {
			isa = PBXGroup;
			children = (
				F8CBB86321E3199500DB022F /* .travis.yml */,
				F8CBB90121E8624F00DB022F /* .travis-ci-before-install.sh */,
				F8CBB8E821E5C5C100DB022F /* .travis-ci.sh */,
				F8B1DC1A202EC43E00EAC350 /* README.md */,
				F8B1DC19202EC43400EAC350 /* Package.swift */,
				F8B1DB93202EC07100EAC350 /* Sources */,
				F8B1DB9E202EC07100EAC350 /* Tests */,
				F8B1DB92202EC07100EAC350 /* Products */,
			);
			sourceTree = "<group>";
		};
		F8B1DB92202EC07100EAC350 /* Products */ = {
			isa = PBXGroup;
			children = (
				F8B1DBB0202EC10500EAC350 /* SwiftyPOSIX.framework */,
				F8B1DBB8202EC10600EAC350 /* SwiftyPOSIX iOSTests.xctest */,
				F8B1DBCC202EC11100EAC350 /* SwiftyPOSIX.framework */,
				F8B1DBD4202EC11200EAC350 /* SwiftyPOSIX macOSTests.xctest */,
				F8B1DBE8202EC11D00EAC350 /* SwiftyPOSIX.framework */,
				F8B1DBF0202EC11D00EAC350 /* SwiftyPOSIX tvOSTests.xctest */,
				F8B1DC04202EC12900EAC350 /* SwiftyPOSIX.framework */,
			);
			name = Products;
			sourceTree = "<group>";
		};
		F8B1DB93202EC07100EAC350 /* Sources */ = {
			isa = PBXGroup;
			children = (
				F8B1DB95202EC07100EAC350 /* Info.plist */,
				F8B1DC16202EC2C300EAC350 /* module.modulemap */,
				F8B1DB94202EC07100EAC350 /* SwiftyPOSIX.h */,
				F8B1DC17202EC2E900EAC350 /* Swift */,
				F80EA9082085E11A002D0E36 /* C */,
			);
			path = Sources;
			sourceTree = "<group>";
		};
		F8B1DB9E202EC07100EAC350 /* Tests */ = {
			isa = PBXGroup;
			children = (
				F8B1DBA1202EC07100EAC350 /* Info.plist */,
				F8B1DC11202EC1CE00EAC350 /* LinuxMain.swift */,
				F8B1DC0C202EC1C500EAC350 /* SwiftyPOSIXTests */,
			);
			path = Tests;
			sourceTree = "<group>";
		};
		F8B1DC0C202EC1C500EAC350 /* SwiftyPOSIXTests */ = {
			isa = PBXGroup;
			children = (
				F8D5AEB9217ADB79006B19D2 /* XCTestManifests.swift */,
				F86D616322793571008E616D /* AssertTests.swift */,
				F8CBB8FD21E851E600DB022F /* CPIOTests.swift */,
				F8D5AEB0217ADA82006B19D2 /* ErrnoTests.swift */,
				F8D5AEBE217ADC2E006B19D2 /* PThread */,
				F8D5AEBF217ADC35006B19D2 /* Unistd */,
			);
			path = SwiftyPOSIXTests;
			sourceTree = "<group>";
		};
		F8B1DC17202EC2E900EAC350 /* Swift */ = {
			isa = PBXGroup;
			children = (
				F88914D7206A013200892FE8 /* SwifyPOSIX.swift */,
				F8F41C3321423708000935F0 /* Internal */,
				F8217EEE2277E13100A436BA /* Assert.swift */,
				F8CBB8F621E84D8E00DB022F /* CPIO.swift */,
				F88914CE2069F27300892FE8 /* Errno.swift */,
				F8B1DC20202EC9E000EAC350 /* PThread */,
				F84E33232094306F00D7A162 /* Unistd.swift */,
			);
			path = Swift;
			sourceTree = "<group>";
		};
		F8B1DC20202EC9E000EAC350 /* PThread */ = {
			isa = PBXGroup;
			children = (
				F8B1DC22202EC9F300EAC350 /* PThread.swift */,
				F8B1DC27202ECB3900EAC350 /* PThreadAttribute.swift */,
				F8B1DC2D202ECB6F00EAC350 /* PThreadMutex.swift */,
				F8B1DC32202ECB7D00EAC350 /* PThreadMutexAttribute.swift */,
				F8B1DC37202ECB9200EAC350 /* PThreadCondition.swift */,
				F8B1DC3C202ECB9F00EAC350 /* PThreadConditionAttribute.swift */,
				F8B1DC41202ECBB100EAC350 /* PThreadReadWriteLock.swift */,
				F8958DC6203A622700A99A02 /* PThreadSpecificKey.swift */,
			);
			path = PThread;
			sourceTree = "<group>";
		};
		F8D5AEBE217ADC2E006B19D2 /* PThread */ = {
			isa = PBXGroup;
			children = (
				F8D5AEB5217ADAD8006B19D2 /* PThreadSpecificTests.swift */,
			);
			path = PThread;
			sourceTree = "<group>";
		};
		F8D5AEBF217ADC35006B19D2 /* Unistd */ = {
			isa = PBXGroup;
			children = (
				F8CBB85F21E1DF8200DB022F /* UnistdFunctionConstantsPathconfNameTests.swift */,
			);
			path = Unistd;
			sourceTree = "<group>";
		};
		F8F41C3321423708000935F0 /* Internal */ = {
			isa = PBXGroup;
			children = (
				F803D39A21EECDF1001E2DE6 /* Protocols */,
				F8F41C3421423712000935F0 /* Extensions */,
			);
			path = Internal;
			sourceTree = "<group>";
		};
		F8F41C3421423712000935F0 /* Extensions */ = {
			isa = PBXGroup;
			children = (
				F8F41C3521423725000935F0 /* Int.swift */,
			);
			path = Extensions;
			sourceTree = "<group>";
		};
/* End PBXGroup section */

/* Begin PBXHeadersBuildPhase section */
		F8B1DBAD202EC10500EAC350 /* Headers */ = {
			isa = PBXHeadersBuildPhase;
			buildActionMask = 2147483647;
			files = (
				F8A4BF25213DF2C600AA8A05 /* SP_unistd.h in Headers */,
				F8217EF52277E20800A436BA /* SP_assert.h in Headers */,
				F80EA90E2085E591002D0E36 /* SwiftyPOSIX_C.h in Headers */,
				F8B1DC12202EC26B00EAC350 /* SwiftyPOSIX.h in Headers */,
			);
			runOnlyForDeploymentPostprocessing = 0;
		};
		F8B1DBC9202EC11100EAC350 /* Headers */ = {
			isa = PBXHeadersBuildPhase;
			buildActionMask = 2147483647;
			files = (
				F8A4BF27213DF31400AA8A05 /* SP_unistd.h in Headers */,
				F8217EF62277E20800A436BA /* SP_assert.h in Headers */,
				F80EA9102085E592002D0E36 /* SwiftyPOSIX_C.h in Headers */,
				F8B1DC13202EC26C00EAC350 /* SwiftyPOSIX.h in Headers */,
			);
			runOnlyForDeploymentPostprocessing = 0;
		};
		F8B1DBE5202EC11D00EAC350 /* Headers */ = {
			isa = PBXHeadersBuildPhase;
			buildActionMask = 2147483647;
			files = (
				F8A4BF28213DF31500AA8A05 /* SP_unistd.h in Headers */,
				F8217EF72277E20800A436BA /* SP_assert.h in Headers */,
				F80EA9122085E592002D0E36 /* SwiftyPOSIX_C.h in Headers */,
				F8B1DC14202EC26D00EAC350 /* SwiftyPOSIX.h in Headers */,
			);
			runOnlyForDeploymentPostprocessing = 0;
		};
		F8B1DC01202EC12900EAC350 /* Headers */ = {
			isa = PBXHeadersBuildPhase;
			buildActionMask = 2147483647;
			files = (
				F8A4BF29213DF31700AA8A05 /* SP_unistd.h in Headers */,
				F8217EF82277E20800A436BA /* SP_assert.h in Headers */,
				F80EA9142085E593002D0E36 /* SwiftyPOSIX_C.h in Headers */,
				F8B1DC15202EC26E00EAC350 /* SwiftyPOSIX.h in Headers */,
			);
			runOnlyForDeploymentPostprocessing = 0;
		};
/* End PBXHeadersBuildPhase section */

/* Begin PBXNativeTarget section */
		F8B1DBAF202EC10500EAC350 /* SwiftyPOSIX iOS */ = {
			isa = PBXNativeTarget;
			buildConfigurationList = F8B1DBC1202EC10600EAC350 /* Build configuration list for PBXNativeTarget "SwiftyPOSIX iOS" */;
			buildPhases = (
				F8B1DBAB202EC10500EAC350 /* Sources */,
				F8B1DBAC202EC10500EAC350 /* Frameworks */,
				F8B1DBAD202EC10500EAC350 /* Headers */,
				F8B1DBAE202EC10500EAC350 /* Resources */,
			);
			buildRules = (
			);
			dependencies = (
			);
			name = "SwiftyPOSIX iOS";
			productName = "SwiftyPOSIX iOS";
			productReference = F8B1DBB0202EC10500EAC350 /* SwiftyPOSIX.framework */;
			productType = "com.apple.product-type.framework";
		};
		F8B1DBB7202EC10600EAC350 /* SwiftyPOSIX iOSTests */ = {
			isa = PBXNativeTarget;
			buildConfigurationList = F8B1DBC4202EC10600EAC350 /* Build configuration list for PBXNativeTarget "SwiftyPOSIX iOSTests" */;
			buildPhases = (
				F8B1DBB4202EC10600EAC350 /* Sources */,
				F8B1DBB5202EC10600EAC350 /* Frameworks */,
				F8B1DBB6202EC10600EAC350 /* Resources */,
			);
			buildRules = (
			);
			dependencies = (
				F8B1DBBB202EC10600EAC350 /* PBXTargetDependency */,
			);
			name = "SwiftyPOSIX iOSTests";
			productName = "SwiftyPOSIX iOSTests";
			productReference = F8B1DBB8202EC10600EAC350 /* SwiftyPOSIX iOSTests.xctest */;
			productType = "com.apple.product-type.bundle.unit-test";
		};
		F8B1DBCB202EC11100EAC350 /* SwiftyPOSIX macOS */ = {
			isa = PBXNativeTarget;
			buildConfigurationList = F8B1DBDD202EC11200EAC350 /* Build configuration list for PBXNativeTarget "SwiftyPOSIX macOS" */;
			buildPhases = (
				F8B1DBC7202EC11100EAC350 /* Sources */,
				F8B1DBC8202EC11100EAC350 /* Frameworks */,
				F8B1DBC9202EC11100EAC350 /* Headers */,
				F8B1DBCA202EC11100EAC350 /* Resources */,
			);
			buildRules = (
			);
			dependencies = (
			);
			name = "SwiftyPOSIX macOS";
			productName = "SwiftyPOSIX macOS";
			productReference = F8B1DBCC202EC11100EAC350 /* SwiftyPOSIX.framework */;
			productType = "com.apple.product-type.framework";
		};
		F8B1DBD3202EC11200EAC350 /* SwiftyPOSIX macOSTests */ = {
			isa = PBXNativeTarget;
			buildConfigurationList = F8B1DBE0202EC11200EAC350 /* Build configuration list for PBXNativeTarget "SwiftyPOSIX macOSTests" */;
			buildPhases = (
				F8B1DBD0202EC11200EAC350 /* Sources */,
				F8B1DBD1202EC11200EAC350 /* Frameworks */,
				F8B1DBD2202EC11200EAC350 /* Resources */,
			);
			buildRules = (
			);
			dependencies = (
				F8B1DBD7202EC11200EAC350 /* PBXTargetDependency */,
			);
			name = "SwiftyPOSIX macOSTests";
			productName = "SwiftyPOSIX macOSTests";
			productReference = F8B1DBD4202EC11200EAC350 /* SwiftyPOSIX macOSTests.xctest */;
			productType = "com.apple.product-type.bundle.unit-test";
		};
		F8B1DBE7202EC11D00EAC350 /* SwiftyPOSIX tvOS */ = {
			isa = PBXNativeTarget;
			buildConfigurationList = F8B1DBF9202EC11D00EAC350 /* Build configuration list for PBXNativeTarget "SwiftyPOSIX tvOS" */;
			buildPhases = (
				F8B1DBE3202EC11D00EAC350 /* Sources */,
				F8B1DBE4202EC11D00EAC350 /* Frameworks */,
				F8B1DBE5202EC11D00EAC350 /* Headers */,
				F8B1DBE6202EC11D00EAC350 /* Resources */,
			);
			buildRules = (
			);
			dependencies = (
			);
			name = "SwiftyPOSIX tvOS";
			productName = "SwiftyPOSIX tvOS";
			productReference = F8B1DBE8202EC11D00EAC350 /* SwiftyPOSIX.framework */;
			productType = "com.apple.product-type.framework";
		};
		F8B1DBEF202EC11D00EAC350 /* SwiftyPOSIX tvOSTests */ = {
			isa = PBXNativeTarget;
			buildConfigurationList = F8B1DBFC202EC11D00EAC350 /* Build configuration list for PBXNativeTarget "SwiftyPOSIX tvOSTests" */;
			buildPhases = (
				F8B1DBEC202EC11D00EAC350 /* Sources */,
				F8B1DBED202EC11D00EAC350 /* Frameworks */,
				F8B1DBEE202EC11D00EAC350 /* Resources */,
			);
			buildRules = (
			);
			dependencies = (
				F8B1DBF3202EC11D00EAC350 /* PBXTargetDependency */,
			);
			name = "SwiftyPOSIX tvOSTests";
			productName = "SwiftyPOSIX tvOSTests";
			productReference = F8B1DBF0202EC11D00EAC350 /* SwiftyPOSIX tvOSTests.xctest */;
			productType = "com.apple.product-type.bundle.unit-test";
		};
		F8B1DC03202EC12900EAC350 /* SwiftyPOSIX watchOS */ = {
			isa = PBXNativeTarget;
			buildConfigurationList = F8B1DC09202EC12900EAC350 /* Build configuration list for PBXNativeTarget "SwiftyPOSIX watchOS" */;
			buildPhases = (
				F8B1DBFF202EC12900EAC350 /* Sources */,
				F8B1DC00202EC12900EAC350 /* Frameworks */,
				F8B1DC01202EC12900EAC350 /* Headers */,
				F8B1DC02202EC12900EAC350 /* Resources */,
			);
			buildRules = (
			);
			dependencies = (
			);
			name = "SwiftyPOSIX watchOS";
			productName = "SwiftyPOSIX watchOS";
			productReference = F8B1DC04202EC12900EAC350 /* SwiftyPOSIX.framework */;
			productType = "com.apple.product-type.framework";
		};
/* End PBXNativeTarget section */

/* Begin PBXProject section */
		F8B1DB88202EC07100EAC350 /* Project object */ = {
			isa = PBXProject;
			attributes = {
				LastSwiftUpdateCheck = 0920;
				LastUpgradeCheck = 0930;
				ORGANIZATIONNAME = "Braden Scothern";
				TargetAttributes = {
					F8217EFD2277FB1500A436BA = {
						CreatedOnToolsVersion = 10.2.1;
						ProvisioningStyle = Automatic;
					};
					F8B1DBAF202EC10500EAC350 = {
						CreatedOnToolsVersion = 9.2;
						LastSwiftMigration = 1020;
						ProvisioningStyle = Manual;
					};
					F8B1DBB7202EC10600EAC350 = {
						CreatedOnToolsVersion = 9.2;
						LastSwiftMigration = 1020;
						ProvisioningStyle = Manual;
					};
					F8B1DBCB202EC11100EAC350 = {
						CreatedOnToolsVersion = 9.2;
						LastSwiftMigration = 1020;
						ProvisioningStyle = Manual;
					};
					F8B1DBD3202EC11200EAC350 = {
						CreatedOnToolsVersion = 9.2;
						LastSwiftMigration = 1020;
						ProvisioningStyle = Manual;
					};
					F8B1DBE7202EC11D00EAC350 = {
						CreatedOnToolsVersion = 9.2;
						LastSwiftMigration = 1020;
						ProvisioningStyle = Manual;
					};
					F8B1DBEF202EC11D00EAC350 = {
						CreatedOnToolsVersion = 9.2;
						LastSwiftMigration = 1020;
						ProvisioningStyle = Manual;
					};
					F8B1DC03202EC12900EAC350 = {
						CreatedOnToolsVersion = 9.2;
						LastSwiftMigration = 1020;
						ProvisioningStyle = Manual;
					};
				};
			};
			buildConfigurationList = F8B1DB8B202EC07100EAC350 /* Build configuration list for PBXProject "SwiftyPOSIX" */;
			compatibilityVersion = "Xcode 8.0";
			developmentRegion = en;
			hasScannedForEncodings = 0;
			knownRegions = (
				en,
				Base,
			);
			mainGroup = F8B1DB87202EC07100EAC350;
			productRefGroup = F8B1DB92202EC07100EAC350 /* Products */;
			projectDirPath = "";
			projectRoot = "";
			targets = (
				F8B1DBAF202EC10500EAC350 /* SwiftyPOSIX iOS */,
				F8B1DBB7202EC10600EAC350 /* SwiftyPOSIX iOSTests */,
				F8B1DBCB202EC11100EAC350 /* SwiftyPOSIX macOS */,
				F8B1DBD3202EC11200EAC350 /* SwiftyPOSIX macOSTests */,
				F8B1DBE7202EC11D00EAC350 /* SwiftyPOSIX tvOS */,
				F8B1DBEF202EC11D00EAC350 /* SwiftyPOSIX tvOSTests */,
				F8B1DC03202EC12900EAC350 /* SwiftyPOSIX watchOS */,
				F8217EFD2277FB1500A436BA /* Swiftlint */,
			);
		};
/* End PBXProject section */

/* Begin PBXResourcesBuildPhase section */
		F8B1DBAE202EC10500EAC350 /* Resources */ = {
			isa = PBXResourcesBuildPhase;
			buildActionMask = 2147483647;
			files = (
			);
			runOnlyForDeploymentPostprocessing = 0;
		};
		F8B1DBB6202EC10600EAC350 /* Resources */ = {
			isa = PBXResourcesBuildPhase;
			buildActionMask = 2147483647;
			files = (
			);
			runOnlyForDeploymentPostprocessing = 0;
		};
		F8B1DBCA202EC11100EAC350 /* Resources */ = {
			isa = PBXResourcesBuildPhase;
			buildActionMask = 2147483647;
			files = (
			);
			runOnlyForDeploymentPostprocessing = 0;
		};
		F8B1DBD2202EC11200EAC350 /* Resources */ = {
			isa = PBXResourcesBuildPhase;
			buildActionMask = 2147483647;
			files = (
			);
			runOnlyForDeploymentPostprocessing = 0;
		};
		F8B1DBE6202EC11D00EAC350 /* Resources */ = {
			isa = PBXResourcesBuildPhase;
			buildActionMask = 2147483647;
			files = (
			);
			runOnlyForDeploymentPostprocessing = 0;
		};
		F8B1DBEE202EC11D00EAC350 /* Resources */ = {
			isa = PBXResourcesBuildPhase;
			buildActionMask = 2147483647;
			files = (
			);
			runOnlyForDeploymentPostprocessing = 0;
		};
		F8B1DC02202EC12900EAC350 /* Resources */ = {
			isa = PBXResourcesBuildPhase;
			buildActionMask = 2147483647;
			files = (
			);
			runOnlyForDeploymentPostprocessing = 0;
		};
/* End PBXResourcesBuildPhase section */

/* Begin PBXShellScriptBuildPhase section */
		F8217F012277FB1B00A436BA /* Swiftlint */ = {
			isa = PBXShellScriptBuildPhase;
			buildActionMask = 2147483647;
			files = (
			);
			inputFileListPaths = (
			);
			inputPaths = (
			);
			name = Swiftlint;
			outputFileListPaths = (
			);
			outputPaths = (
			);
			runOnlyForDeploymentPostprocessing = 0;
			shellPath = /bin/sh;
			shellScript = "if which swiftlint >/dev/null; then\n    swiftlint autocorrect\n    swiftlint\nelse\n    echo \"warning: SwiftLint not installed, download from https://github.com/realm/SwiftLint\"\nfi\n";
		};
/* End PBXShellScriptBuildPhase section */

/* Begin PBXSourcesBuildPhase section */
		F8B1DBAB202EC10500EAC350 /* Sources */ = {
			isa = PBXSourcesBuildPhase;
			buildActionMask = 2147483647;
			files = (
				F88914D8206A013200892FE8 /* SwifyPOSIX.swift in Sources */,
				F88914CF2069F27300892FE8 /* Errno.swift in Sources */,
				F8A4BF26213DF2C600AA8A05 /* SP_unistd.c in Sources */,
				F8958DC7203A622700A99A02 /* PThreadSpecificKey.swift in Sources */,
				F8CBB8F721E84D8E00DB022F /* CPIO.swift in Sources */,
				F8F41C3621423725000935F0 /* Int.swift in Sources */,
				F84E33242094306F00D7A162 /* Unistd.swift in Sources */,
				F8B1DC23202EC9F300EAC350 /* PThread.swift in Sources */,
				F8B1DC42202ECBB100EAC350 /* PThreadReadWriteLock.swift in Sources */,
				F8217EEF2277E13100A436BA /* Assert.swift in Sources */,
				F803D39C21EECE0E001E2DE6 /* PosixValueRepresentable.swift in Sources */,
				F8217EF92277E20800A436BA /* SP_assert.c in Sources */,
				F8B1DC33202ECB7D00EAC350 /* PThreadMutexAttribute.swift in Sources */,
				F8B1DC28202ECB3900EAC350 /* PThreadAttribute.swift in Sources */,
				F8B1DC3D202ECB9F00EAC350 /* PThreadConditionAttribute.swift in Sources */,
				F8B1DC38202ECB9200EAC350 /* PThreadCondition.swift in Sources */,
				F8B1DC2E202ECB6F00EAC350 /* PThreadMutex.swift in Sources */,
			);
			runOnlyForDeploymentPostprocessing = 0;
		};
		F8B1DBB4202EC10600EAC350 /* Sources */ = {
			isa = PBXSourcesBuildPhase;
			buildActionMask = 2147483647;
			files = (
				F8D5AEB6217ADAD9006B19D2 /* PThreadSpecificTests.swift in Sources */,
				F8CBB86021E1DF8200DB022F /* UnistdFunctionConstantsPathconfNameTests.swift in Sources */,
				F8D5AEB1217ADA82006B19D2 /* ErrnoTests.swift in Sources */,
				F86D616422793571008E616D /* AssertTests.swift in Sources */,
				F8CBB8FE21E851E600DB022F /* CPIOTests.swift in Sources */,
			);
			runOnlyForDeploymentPostprocessing = 0;
		};
		F8B1DBC7202EC11100EAC350 /* Sources */ = {
			isa = PBXSourcesBuildPhase;
			buildActionMask = 2147483647;
			files = (
				F88914D9206A013200892FE8 /* SwifyPOSIX.swift in Sources */,
				F88914D02069F27300892FE8 /* Errno.swift in Sources */,
				F8958DC8203A622700A99A02 /* PThreadSpecificKey.swift in Sources */,
				F8A4BF2A213DF43B00AA8A05 /* SP_unistd.c in Sources */,
				F8CBB8F821E84D8E00DB022F /* CPIO.swift in Sources */,
				F8F41C3721423725000935F0 /* Int.swift in Sources */,
				F84E33252094306F00D7A162 /* Unistd.swift in Sources */,
				F8B1DC24202EC9F300EAC350 /* PThread.swift in Sources */,
				F8B1DC43202ECBB100EAC350 /* PThreadReadWriteLock.swift in Sources */,
				F8217EF02277E13100A436BA /* Assert.swift in Sources */,
				F803D39D21EECE0E001E2DE6 /* PosixValueRepresentable.swift in Sources */,
				F8217EFA2277E20800A436BA /* SP_assert.c in Sources */,
				F8B1DC34202ECB7E00EAC350 /* PThreadMutexAttribute.swift in Sources */,
				F8B1DC29202ECB3900EAC350 /* PThreadAttribute.swift in Sources */,
				F8B1DC3E202ECB9F00EAC350 /* PThreadConditionAttribute.swift in Sources */,
				F8B1DC39202ECB9200EAC350 /* PThreadCondition.swift in Sources */,
				F8B1DC2F202ECB6F00EAC350 /* PThreadMutex.swift in Sources */,
			);
			runOnlyForDeploymentPostprocessing = 0;
		};
		F8B1DBD0202EC11200EAC350 /* Sources */ = {
			isa = PBXSourcesBuildPhase;
			buildActionMask = 2147483647;
			files = (
				F8D5AEB7217ADAD9006B19D2 /* PThreadSpecificTests.swift in Sources */,
				F8CBB86121E1DF8200DB022F /* UnistdFunctionConstantsPathconfNameTests.swift in Sources */,
				F8D5AEB2217ADA82006B19D2 /* ErrnoTests.swift in Sources */,
				F86D616522793571008E616D /* AssertTests.swift in Sources */,
				F8CBB8FF21E851E600DB022F /* CPIOTests.swift in Sources */,
			);
			runOnlyForDeploymentPostprocessing = 0;
		};
		F8B1DBE3202EC11D00EAC350 /* Sources */ = {
			isa = PBXSourcesBuildPhase;
			buildActionMask = 2147483647;
			files = (
				F88914DA206A013200892FE8 /* SwifyPOSIX.swift in Sources */,
				F88914D12069F27300892FE8 /* Errno.swift in Sources */,
				F8958DC9203A622700A99A02 /* PThreadSpecificKey.swift in Sources */,
				F8A4BF2B213DF43B00AA8A05 /* SP_unistd.c in Sources */,
				F8CBB8F921E84D8E00DB022F /* CPIO.swift in Sources */,
				F8F41C3821423725000935F0 /* Int.swift in Sources */,
				F84E33262094306F00D7A162 /* Unistd.swift in Sources */,
				F8B1DC25202EC9F300EAC350 /* PThread.swift in Sources */,
				F8B1DC44202ECBB100EAC350 /* PThreadReadWriteLock.swift in Sources */,
				F8217EF12277E13100A436BA /* Assert.swift in Sources */,
				F803D39E21EECE0E001E2DE6 /* PosixValueRepresentable.swift in Sources */,
				F8217EFB2277E20800A436BA /* SP_assert.c in Sources */,
				F8B1DC35202ECB7E00EAC350 /* PThreadMutexAttribute.swift in Sources */,
				F8B1DC2A202ECB3900EAC350 /* PThreadAttribute.swift in Sources */,
				F8B1DC3F202ECB9F00EAC350 /* PThreadConditionAttribute.swift in Sources */,
				F8B1DC3A202ECB9200EAC350 /* PThreadCondition.swift in Sources */,
				F8B1DC30202ECB6F00EAC350 /* PThreadMutex.swift in Sources */,
			);
			runOnlyForDeploymentPostprocessing = 0;
		};
		F8B1DBEC202EC11D00EAC350 /* Sources */ = {
			isa = PBXSourcesBuildPhase;
			buildActionMask = 2147483647;
			files = (
				F8D5AEB8217ADAD9006B19D2 /* PThreadSpecificTests.swift in Sources */,
				F8CBB86221E1DF8200DB022F /* UnistdFunctionConstantsPathconfNameTests.swift in Sources */,
				F8D5AEB3217ADA82006B19D2 /* ErrnoTests.swift in Sources */,
				F86D616622793571008E616D /* AssertTests.swift in Sources */,
				F8CBB90021E851E600DB022F /* CPIOTests.swift in Sources */,
			);
			runOnlyForDeploymentPostprocessing = 0;
		};
		F8B1DBFF202EC12900EAC350 /* Sources */ = {
			isa = PBXSourcesBuildPhase;
			buildActionMask = 2147483647;
			files = (
				F88914DB206A013200892FE8 /* SwifyPOSIX.swift in Sources */,
				F88914D22069F27300892FE8 /* Errno.swift in Sources */,
				F8958DCA203A622700A99A02 /* PThreadSpecificKey.swift in Sources */,
				F8A4BF2C213DF43C00AA8A05 /* SP_unistd.c in Sources */,
				F8CBB8FA21E84D8E00DB022F /* CPIO.swift in Sources */,
				F8F41C3921423725000935F0 /* Int.swift in Sources */,
				F84E33272094306F00D7A162 /* Unistd.swift in Sources */,
				F8B1DC26202EC9F300EAC350 /* PThread.swift in Sources */,
				F8B1DC45202ECBB100EAC350 /* PThreadReadWriteLock.swift in Sources */,
				F8217EF22277E13100A436BA /* Assert.swift in Sources */,
				F803D39F21EECE0E001E2DE6 /* PosixValueRepresentable.swift in Sources */,
				F8217EFC2277E20800A436BA /* SP_assert.c in Sources */,
				F8B1DC36202ECB7E00EAC350 /* PThreadMutexAttribute.swift in Sources */,
				F8B1DC2B202ECB3900EAC350 /* PThreadAttribute.swift in Sources */,
				F8B1DC40202ECB9F00EAC350 /* PThreadConditionAttribute.swift in Sources */,
				F8B1DC3B202ECB9200EAC350 /* PThreadCondition.swift in Sources */,
				F8B1DC31202ECB6F00EAC350 /* PThreadMutex.swift in Sources */,
			);
			runOnlyForDeploymentPostprocessing = 0;
		};
/* End PBXSourcesBuildPhase section */

/* Begin PBXTargetDependency section */
		F8B1DBBB202EC10600EAC350 /* PBXTargetDependency */ = {
			isa = PBXTargetDependency;
			target = F8B1DBAF202EC10500EAC350 /* SwiftyPOSIX iOS */;
			targetProxy = F8B1DBBA202EC10600EAC350 /* PBXContainerItemProxy */;
		};
		F8B1DBD7202EC11200EAC350 /* PBXTargetDependency */ = {
			isa = PBXTargetDependency;
			target = F8B1DBCB202EC11100EAC350 /* SwiftyPOSIX macOS */;
			targetProxy = F8B1DBD6202EC11200EAC350 /* PBXContainerItemProxy */;
		};
		F8B1DBF3202EC11D00EAC350 /* PBXTargetDependency */ = {
			isa = PBXTargetDependency;
			target = F8B1DBE7202EC11D00EAC350 /* SwiftyPOSIX tvOS */;
			targetProxy = F8B1DBF2202EC11D00EAC350 /* PBXContainerItemProxy */;
		};
/* End PBXTargetDependency section */

/* Begin XCBuildConfiguration section */
		F8217EFF2277FB1600A436BA /* Debug */ = {
			isa = XCBuildConfiguration;
			buildSettings = {
				CODE_SIGN_STYLE = Automatic;
				PRODUCT_NAME = "$(TARGET_NAME)";
			};
			name = Debug;
		};
		F8217F002277FB1600A436BA /* Release */ = {
			isa = XCBuildConfiguration;
			buildSettings = {
				CODE_SIGN_STYLE = Automatic;
				PRODUCT_NAME = "$(TARGET_NAME)";
			};
			name = Release;
		};
		F8B1DBA3202EC07100EAC350 /* Debug */ = {
			isa = XCBuildConfiguration;
			buildSettings = {
				ALWAYS_SEARCH_USER_PATHS = NO;
				CLANG_ANALYZER_NONNULL = YES;
				CLANG_ANALYZER_NUMBER_OBJECT_CONVERSION = YES_AGGRESSIVE;
				CLANG_CXX_LANGUAGE_STANDARD = "gnu++14";
				CLANG_CXX_LIBRARY = "libc++";
				CLANG_ENABLE_MODULES = YES;
				CLANG_ENABLE_OBJC_ARC = YES;
				CLANG_WARN_BLOCK_CAPTURE_AUTORELEASING = YES;
				CLANG_WARN_BOOL_CONVERSION = YES;
				CLANG_WARN_COMMA = YES;
				CLANG_WARN_CONSTANT_CONVERSION = YES;
				CLANG_WARN_DEPRECATED_OBJC_IMPLEMENTATIONS = YES;
				CLANG_WARN_DIRECT_OBJC_ISA_USAGE = YES_ERROR;
				CLANG_WARN_DOCUMENTATION_COMMENTS = YES;
				CLANG_WARN_EMPTY_BODY = YES;
				CLANG_WARN_ENUM_CONVERSION = YES;
				CLANG_WARN_INFINITE_RECURSION = YES;
				CLANG_WARN_INT_CONVERSION = YES;
				CLANG_WARN_NON_LITERAL_NULL_CONVERSION = YES;
				CLANG_WARN_OBJC_IMPLICIT_RETAIN_SELF = YES;
				CLANG_WARN_OBJC_LITERAL_CONVERSION = YES;
				CLANG_WARN_OBJC_ROOT_CLASS = YES_ERROR;
				CLANG_WARN_RANGE_LOOP_ANALYSIS = YES;
				CLANG_WARN_STRICT_PROTOTYPES = YES;
				CLANG_WARN_SUSPICIOUS_MOVE = YES;
				CLANG_WARN_UNGUARDED_AVAILABILITY = YES_AGGRESSIVE;
				CLANG_WARN_UNREACHABLE_CODE = YES;
				CLANG_WARN__DUPLICATE_METHOD_MATCH = YES;
				CODE_SIGN_IDENTITY = "iPhone Developer";
				COPY_PHASE_STRIP = NO;
				CURRENT_PROJECT_VERSION = 1;
				DEBUG_INFORMATION_FORMAT = dwarf;
				ENABLE_STRICT_OBJC_MSGSEND = YES;
				ENABLE_TESTABILITY = YES;
				GCC_C_LANGUAGE_STANDARD = gnu11;
				GCC_DYNAMIC_NO_PIC = NO;
				GCC_NO_COMMON_BLOCKS = YES;
				GCC_OPTIMIZATION_LEVEL = 0;
				GCC_PREPROCESSOR_DEFINITIONS = (
					"DEBUG=1",
					"$(inherited)",
				);
				GCC_WARN_64_TO_32_BIT_CONVERSION = YES;
				GCC_WARN_ABOUT_RETURN_TYPE = YES_ERROR;
				GCC_WARN_UNDECLARED_SELECTOR = YES;
				GCC_WARN_UNINITIALIZED_AUTOS = YES_AGGRESSIVE;
				GCC_WARN_UNUSED_FUNCTION = YES;
				GCC_WARN_UNUSED_VARIABLE = YES;
				IPHONEOS_DEPLOYMENT_TARGET = 11.2;
				MTL_ENABLE_DEBUG_INFO = YES;
				ONLY_ACTIVE_ARCH = YES;
				SDKROOT = iphoneos;
				SWIFT_ACTIVE_COMPILATION_CONDITIONS = DEBUG;
				SWIFT_OPTIMIZATION_LEVEL = "-Onone";
				VERSIONING_SYSTEM = "apple-generic";
				VERSION_INFO_PREFIX = "";
			};
			name = Debug;
		};
		F8B1DBA4202EC07100EAC350 /* Release */ = {
			isa = XCBuildConfiguration;
			buildSettings = {
				ALWAYS_SEARCH_USER_PATHS = NO;
				CLANG_ANALYZER_NONNULL = YES;
				CLANG_ANALYZER_NUMBER_OBJECT_CONVERSION = YES_AGGRESSIVE;
				CLANG_CXX_LANGUAGE_STANDARD = "gnu++14";
				CLANG_CXX_LIBRARY = "libc++";
				CLANG_ENABLE_MODULES = YES;
				CLANG_ENABLE_OBJC_ARC = YES;
				CLANG_WARN_BLOCK_CAPTURE_AUTORELEASING = YES;
				CLANG_WARN_BOOL_CONVERSION = YES;
				CLANG_WARN_COMMA = YES;
				CLANG_WARN_CONSTANT_CONVERSION = YES;
				CLANG_WARN_DEPRECATED_OBJC_IMPLEMENTATIONS = YES;
				CLANG_WARN_DIRECT_OBJC_ISA_USAGE = YES_ERROR;
				CLANG_WARN_DOCUMENTATION_COMMENTS = YES;
				CLANG_WARN_EMPTY_BODY = YES;
				CLANG_WARN_ENUM_CONVERSION = YES;
				CLANG_WARN_INFINITE_RECURSION = YES;
				CLANG_WARN_INT_CONVERSION = YES;
				CLANG_WARN_NON_LITERAL_NULL_CONVERSION = YES;
				CLANG_WARN_OBJC_IMPLICIT_RETAIN_SELF = YES;
				CLANG_WARN_OBJC_LITERAL_CONVERSION = YES;
				CLANG_WARN_OBJC_ROOT_CLASS = YES_ERROR;
				CLANG_WARN_RANGE_LOOP_ANALYSIS = YES;
				CLANG_WARN_STRICT_PROTOTYPES = YES;
				CLANG_WARN_SUSPICIOUS_MOVE = YES;
				CLANG_WARN_UNGUARDED_AVAILABILITY = YES_AGGRESSIVE;
				CLANG_WARN_UNREACHABLE_CODE = YES;
				CLANG_WARN__DUPLICATE_METHOD_MATCH = YES;
				CODE_SIGN_IDENTITY = "iPhone Developer";
				COPY_PHASE_STRIP = NO;
				CURRENT_PROJECT_VERSION = 1;
				DEBUG_INFORMATION_FORMAT = "dwarf-with-dsym";
				ENABLE_NS_ASSERTIONS = NO;
				ENABLE_STRICT_OBJC_MSGSEND = YES;
				GCC_C_LANGUAGE_STANDARD = gnu11;
				GCC_NO_COMMON_BLOCKS = YES;
				GCC_WARN_64_TO_32_BIT_CONVERSION = YES;
				GCC_WARN_ABOUT_RETURN_TYPE = YES_ERROR;
				GCC_WARN_UNDECLARED_SELECTOR = YES;
				GCC_WARN_UNINITIALIZED_AUTOS = YES_AGGRESSIVE;
				GCC_WARN_UNUSED_FUNCTION = YES;
				GCC_WARN_UNUSED_VARIABLE = YES;
				IPHONEOS_DEPLOYMENT_TARGET = 11.2;
				MTL_ENABLE_DEBUG_INFO = NO;
				SDKROOT = iphoneos;
				SWIFT_OPTIMIZATION_LEVEL = "-Owholemodule";
				VALIDATE_PRODUCT = YES;
				VERSIONING_SYSTEM = "apple-generic";
				VERSION_INFO_PREFIX = "";
			};
			name = Release;
		};
		F8B1DBC2202EC10600EAC350 /* Debug */ = {
			isa = XCBuildConfiguration;
			buildSettings = {
				CLANG_ENABLE_MODULES = YES;
				CODE_SIGN_IDENTITY = "";
				CODE_SIGN_STYLE = Manual;
				DEFINES_MODULE = YES;
				DEVELOPMENT_TEAM = "";
				DYLIB_COMPATIBILITY_VERSION = 1;
				DYLIB_CURRENT_VERSION = 1;
				DYLIB_INSTALL_NAME_BASE = "@rpath";
				INFOPLIST_FILE = Sources/Info.plist;
				INSTALL_PATH = "$(LOCAL_LIBRARY_DIR)/Frameworks";
				IPHONEOS_DEPLOYMENT_TARGET = 12.0;
				LD_RUNPATH_SEARCH_PATHS = "$(inherited) @executable_path/Frameworks @loader_path/Frameworks";
				MODULEMAP_FILE = Sources/module.modulemap;
				OTHER_CFLAGS = "-DXCODE_FRAMEWORK=1";
				OTHER_SWIFT_FLAGS = "-DXCODE_FRAMEWORK";
				PRODUCT_BUNDLE_IDENTIFIER = "Braden-Scothern.SwiftyPOSIX";
				PRODUCT_MODULE_NAME = SwiftyPOSIX;
				PRODUCT_NAME = SwiftyPOSIX;
				PROVISIONING_PROFILE_SPECIFIER = "";
				SKIP_INSTALL = YES;
				SWIFT_OPTIMIZATION_LEVEL = "-Onone";
				SWIFT_VERSION = 5.0;
				TARGETED_DEVICE_FAMILY = "1,2";
			};
			name = Debug;
		};
		F8B1DBC3202EC10600EAC350 /* Release */ = {
			isa = XCBuildConfiguration;
			buildSettings = {
				CLANG_ENABLE_MODULES = YES;
				CODE_SIGN_IDENTITY = "";
				CODE_SIGN_STYLE = Manual;
				DEFINES_MODULE = YES;
				DEVELOPMENT_TEAM = "";
				DYLIB_COMPATIBILITY_VERSION = 1;
				DYLIB_CURRENT_VERSION = 1;
				DYLIB_INSTALL_NAME_BASE = "@rpath";
				INFOPLIST_FILE = Sources/Info.plist;
				INSTALL_PATH = "$(LOCAL_LIBRARY_DIR)/Frameworks";
				IPHONEOS_DEPLOYMENT_TARGET = 12.0;
				LD_RUNPATH_SEARCH_PATHS = "$(inherited) @executable_path/Frameworks @loader_path/Frameworks";
				MODULEMAP_FILE = Sources/module.modulemap;
				OTHER_CFLAGS = "-DXCODE_FRAMEWORK=1";
				OTHER_SWIFT_FLAGS = "-DXCODE_FRAMEWORK";
				PRODUCT_BUNDLE_IDENTIFIER = "Braden-Scothern.SwiftyPOSIX";
				PRODUCT_MODULE_NAME = SwiftyPOSIX;
				PRODUCT_NAME = SwiftyPOSIX;
				PROVISIONING_PROFILE_SPECIFIER = "";
				SKIP_INSTALL = YES;
				SWIFT_VERSION = 5.0;
				TARGETED_DEVICE_FAMILY = "1,2";
			};
			name = Release;
		};
		F8B1DBC5202EC10600EAC350 /* Debug */ = {
			isa = XCBuildConfiguration;
			buildSettings = {
				ALWAYS_EMBED_SWIFT_STANDARD_LIBRARIES = YES;
				CODE_SIGN_STYLE = Manual;
				DEVELOPMENT_TEAM = "";
				INFOPLIST_FILE = Tests/Info.plist;
				IPHONEOS_DEPLOYMENT_TARGET = 12.0;
				LD_RUNPATH_SEARCH_PATHS = "$(inherited) @executable_path/Frameworks @loader_path/Frameworks";
				PRODUCT_BUNDLE_IDENTIFIER = "Braden-Scothern.SwiftyPOSIX-iOSTests";
				PRODUCT_NAME = "$(TARGET_NAME)";
				PROVISIONING_PROFILE_SPECIFIER = "";
				SWIFT_VERSION = 5.0;
				TARGETED_DEVICE_FAMILY = "1,2";
			};
			name = Debug;
		};
		F8B1DBC6202EC10600EAC350 /* Release */ = {
			isa = XCBuildConfiguration;
			buildSettings = {
				ALWAYS_EMBED_SWIFT_STANDARD_LIBRARIES = YES;
				CODE_SIGN_STYLE = Manual;
				DEVELOPMENT_TEAM = "";
				INFOPLIST_FILE = Tests/Info.plist;
				IPHONEOS_DEPLOYMENT_TARGET = 12.0;
				LD_RUNPATH_SEARCH_PATHS = "$(inherited) @executable_path/Frameworks @loader_path/Frameworks";
				PRODUCT_BUNDLE_IDENTIFIER = "Braden-Scothern.SwiftyPOSIX-iOSTests";
				PRODUCT_NAME = "$(TARGET_NAME)";
				PROVISIONING_PROFILE_SPECIFIER = "";
				SWIFT_VERSION = 5.0;
				TARGETED_DEVICE_FAMILY = "1,2";
			};
			name = Release;
		};
		F8B1DBDE202EC11200EAC350 /* Debug */ = {
			isa = XCBuildConfiguration;
			buildSettings = {
				CLANG_ENABLE_MODULES = YES;
				CODE_SIGN_IDENTITY = "-";
				CODE_SIGN_STYLE = Manual;
				COMBINE_HIDPI_IMAGES = YES;
				DEFINES_MODULE = YES;
				DEVELOPMENT_TEAM = "";
				DYLIB_COMPATIBILITY_VERSION = 1;
				DYLIB_CURRENT_VERSION = 1;
				DYLIB_INSTALL_NAME_BASE = "@rpath";
				FRAMEWORK_VERSION = A;
				INFOPLIST_FILE = Sources/Info.plist;
				INSTALL_PATH = "$(LOCAL_LIBRARY_DIR)/Frameworks";
				LD_RUNPATH_SEARCH_PATHS = "$(inherited) @executable_path/../Frameworks @loader_path/Frameworks";
				MACOSX_DEPLOYMENT_TARGET = 10.14;
				MODULEMAP_FILE = Sources/module.modulemap;
				OTHER_CFLAGS = "-DXCODE_FRAMEWORK=1";
				OTHER_SWIFT_FLAGS = "-DXCODE_FRAMEWORK";
				PRODUCT_BUNDLE_IDENTIFIER = "Braden-Scothern.SwiftyPOSIX";
				PRODUCT_MODULE_NAME = SwiftyPOSIX;
				PRODUCT_NAME = SwiftyPOSIX;
				PROVISIONING_PROFILE_SPECIFIER = "";
				SDKROOT = macosx;
				SKIP_INSTALL = YES;
				SWIFT_OPTIMIZATION_LEVEL = "-Onone";
				SWIFT_VERSION = 5.0;
			};
			name = Debug;
		};
		F8B1DBDF202EC11200EAC350 /* Release */ = {
			isa = XCBuildConfiguration;
			buildSettings = {
				CLANG_ENABLE_MODULES = YES;
				CODE_SIGN_IDENTITY = "-";
				CODE_SIGN_STYLE = Manual;
				COMBINE_HIDPI_IMAGES = YES;
				DEFINES_MODULE = YES;
				DEVELOPMENT_TEAM = "";
				DYLIB_COMPATIBILITY_VERSION = 1;
				DYLIB_CURRENT_VERSION = 1;
				DYLIB_INSTALL_NAME_BASE = "@rpath";
				FRAMEWORK_VERSION = A;
				INFOPLIST_FILE = Sources/Info.plist;
				INSTALL_PATH = "$(LOCAL_LIBRARY_DIR)/Frameworks";
				LD_RUNPATH_SEARCH_PATHS = "$(inherited) @executable_path/../Frameworks @loader_path/Frameworks";
				MACOSX_DEPLOYMENT_TARGET = 10.14;
				MODULEMAP_FILE = Sources/module.modulemap;
				OTHER_CFLAGS = "-DXCODE_FRAMEWORK=1";
				OTHER_SWIFT_FLAGS = "-DXCODE_FRAMEWORK";
				PRODUCT_BUNDLE_IDENTIFIER = "Braden-Scothern.SwiftyPOSIX";
				PRODUCT_MODULE_NAME = SwiftyPOSIX;
				PRODUCT_NAME = SwiftyPOSIX;
				PROVISIONING_PROFILE_SPECIFIER = "";
				SDKROOT = macosx;
				SKIP_INSTALL = YES;
				SWIFT_VERSION = 5.0;
			};
			name = Release;
		};
		F8B1DBE1202EC11200EAC350 /* Debug */ = {
			isa = XCBuildConfiguration;
			buildSettings = {
				ALWAYS_EMBED_SWIFT_STANDARD_LIBRARIES = YES;
				CODE_SIGN_IDENTITY = "-";
				CODE_SIGN_STYLE = Manual;
				COMBINE_HIDPI_IMAGES = YES;
				DEVELOPMENT_TEAM = "";
				INFOPLIST_FILE = Tests/Info.plist;
				LD_RUNPATH_SEARCH_PATHS = "$(inherited) @executable_path/../Frameworks @loader_path/../Frameworks";
				MACOSX_DEPLOYMENT_TARGET = 10.14;
				PRODUCT_BUNDLE_IDENTIFIER = "Braden-Scothern.SwiftyPOSIX-macOSTests";
				PRODUCT_NAME = "$(TARGET_NAME)";
				PROVISIONING_PROFILE_SPECIFIER = "";
				SDKROOT = macosx;
				SWIFT_VERSION = 5.0;
			};
			name = Debug;
		};
		F8B1DBE2202EC11200EAC350 /* Release */ = {
			isa = XCBuildConfiguration;
			buildSettings = {
				ALWAYS_EMBED_SWIFT_STANDARD_LIBRARIES = YES;
				CODE_SIGN_IDENTITY = "-";
				CODE_SIGN_STYLE = Manual;
				COMBINE_HIDPI_IMAGES = YES;
				DEVELOPMENT_TEAM = "";
				INFOPLIST_FILE = Tests/Info.plist;
				LD_RUNPATH_SEARCH_PATHS = "$(inherited) @executable_path/../Frameworks @loader_path/../Frameworks";
				MACOSX_DEPLOYMENT_TARGET = 10.14;
				PRODUCT_BUNDLE_IDENTIFIER = "Braden-Scothern.SwiftyPOSIX-macOSTests";
				PRODUCT_NAME = "$(TARGET_NAME)";
				PROVISIONING_PROFILE_SPECIFIER = "";
				SDKROOT = macosx;
				SWIFT_VERSION = 5.0;
			};
			name = Release;
		};
		F8B1DBFA202EC11D00EAC350 /* Debug */ = {
			isa = XCBuildConfiguration;
			buildSettings = {
				CLANG_ENABLE_MODULES = YES;
				CODE_SIGN_IDENTITY = "";
				CODE_SIGN_STYLE = Manual;
				DEFINES_MODULE = YES;
				DEVELOPMENT_TEAM = "";
				DYLIB_COMPATIBILITY_VERSION = 1;
				DYLIB_CURRENT_VERSION = 1;
				DYLIB_INSTALL_NAME_BASE = "@rpath";
				INFOPLIST_FILE = Sources/Info.plist;
				INSTALL_PATH = "$(LOCAL_LIBRARY_DIR)/Frameworks";
				LD_RUNPATH_SEARCH_PATHS = "$(inherited) @executable_path/Frameworks @loader_path/Frameworks";
				MODULEMAP_FILE = Sources/module.modulemap;
				OTHER_CFLAGS = "-DXCODE_FRAMEWORK=1";
				OTHER_SWIFT_FLAGS = "-DXCODE_FRAMEWORK";
				PRODUCT_BUNDLE_IDENTIFIER = "Braden-Scothern.SwiftyPOSIX";
				PRODUCT_MODULE_NAME = SwiftyPOSIX;
				PRODUCT_NAME = SwiftyPOSIX;
				PROVISIONING_PROFILE_SPECIFIER = "";
				SDKROOT = appletvos;
				SKIP_INSTALL = YES;
				SWIFT_OPTIMIZATION_LEVEL = "-Onone";
				SWIFT_VERSION = 5.0;
				TARGETED_DEVICE_FAMILY = 3;
				TVOS_DEPLOYMENT_TARGET = 12.0;
			};
			name = Debug;
		};
		F8B1DBFB202EC11D00EAC350 /* Release */ = {
			isa = XCBuildConfiguration;
			buildSettings = {
				CLANG_ENABLE_MODULES = YES;
				CODE_SIGN_IDENTITY = "";
				CODE_SIGN_STYLE = Manual;
				DEFINES_MODULE = YES;
				DEVELOPMENT_TEAM = "";
				DYLIB_COMPATIBILITY_VERSION = 1;
				DYLIB_CURRENT_VERSION = 1;
				DYLIB_INSTALL_NAME_BASE = "@rpath";
				INFOPLIST_FILE = Sources/Info.plist;
				INSTALL_PATH = "$(LOCAL_LIBRARY_DIR)/Frameworks";
				LD_RUNPATH_SEARCH_PATHS = "$(inherited) @executable_path/Frameworks @loader_path/Frameworks";
				MODULEMAP_FILE = Sources/module.modulemap;
				OTHER_CFLAGS = "-DXCODE_FRAMEWORK=1";
				OTHER_SWIFT_FLAGS = "-DXCODE_FRAMEWORK";
				PRODUCT_BUNDLE_IDENTIFIER = "Braden-Scothern.SwiftyPOSIX";
				PRODUCT_MODULE_NAME = SwiftyPOSIX;
				PRODUCT_NAME = SwiftyPOSIX;
				PROVISIONING_PROFILE_SPECIFIER = "";
				SDKROOT = appletvos;
				SKIP_INSTALL = YES;
				SWIFT_VERSION = 5.0;
				TARGETED_DEVICE_FAMILY = 3;
				TVOS_DEPLOYMENT_TARGET = 12.0;
			};
			name = Release;
		};
		F8B1DBFD202EC11D00EAC350 /* Debug */ = {
			isa = XCBuildConfiguration;
			buildSettings = {
				ALWAYS_EMBED_SWIFT_STANDARD_LIBRARIES = YES;
				CODE_SIGN_STYLE = Manual;
				DEVELOPMENT_TEAM = "";
				INFOPLIST_FILE = Tests/Info.plist;
				LD_RUNPATH_SEARCH_PATHS = "$(inherited) @executable_path/Frameworks @loader_path/Frameworks";
				PRODUCT_BUNDLE_IDENTIFIER = "Braden-Scothern.SwiftyPOSIX-tvOSTests";
				PRODUCT_NAME = "$(TARGET_NAME)";
				PROVISIONING_PROFILE_SPECIFIER = "";
				SDKROOT = appletvos;
				SWIFT_VERSION = 5.0;
				TARGETED_DEVICE_FAMILY = 3;
				TVOS_DEPLOYMENT_TARGET = 12.0;
			};
			name = Debug;
		};
		F8B1DBFE202EC11D00EAC350 /* Release */ = {
			isa = XCBuildConfiguration;
			buildSettings = {
				ALWAYS_EMBED_SWIFT_STANDARD_LIBRARIES = YES;
				CODE_SIGN_STYLE = Manual;
				DEVELOPMENT_TEAM = "";
				INFOPLIST_FILE = Tests/Info.plist;
				LD_RUNPATH_SEARCH_PATHS = "$(inherited) @executable_path/Frameworks @loader_path/Frameworks";
				PRODUCT_BUNDLE_IDENTIFIER = "Braden-Scothern.SwiftyPOSIX-tvOSTests";
				PRODUCT_NAME = "$(TARGET_NAME)";
				PROVISIONING_PROFILE_SPECIFIER = "";
				SDKROOT = appletvos;
				SWIFT_VERSION = 5.0;
				TARGETED_DEVICE_FAMILY = 3;
				TVOS_DEPLOYMENT_TARGET = 12.0;
			};
			name = Release;
		};
		F8B1DC0A202EC12900EAC350 /* Debug */ = {
			isa = XCBuildConfiguration;
			buildSettings = {
				APPLICATION_EXTENSION_API_ONLY = YES;
				CLANG_ENABLE_MODULES = YES;
				CODE_SIGN_IDENTITY = "";
				CODE_SIGN_STYLE = Manual;
				DEFINES_MODULE = YES;
				DEVELOPMENT_TEAM = "";
				DYLIB_COMPATIBILITY_VERSION = 1;
				DYLIB_CURRENT_VERSION = 1;
				DYLIB_INSTALL_NAME_BASE = "@rpath";
				INFOPLIST_FILE = Sources/Info.plist;
				INSTALL_PATH = "$(LOCAL_LIBRARY_DIR)/Frameworks";
				LD_RUNPATH_SEARCH_PATHS = "$(inherited) @executable_path/Frameworks @loader_path/Frameworks";
				MODULEMAP_FILE = Sources/module.modulemap;
				OTHER_CFLAGS = "-DXCODE_FRAMEWORK=1";
				OTHER_SWIFT_FLAGS = "-DXCODE_FRAMEWORK";
				PRODUCT_BUNDLE_IDENTIFIER = "Braden-Scothern.SwiftyPOSIX";
				PRODUCT_MODULE_NAME = SwiftyPOSIX;
				PRODUCT_NAME = SwiftyPOSIX;
				PROVISIONING_PROFILE_SPECIFIER = "";
				SDKROOT = watchos;
				SKIP_INSTALL = YES;
				SWIFT_OPTIMIZATION_LEVEL = "-Onone";
				SWIFT_VERSION = 5.0;
				TARGETED_DEVICE_FAMILY = 4;
				WATCHOS_DEPLOYMENT_TARGET = 5.0;
			};
			name = Debug;
		};
		F8B1DC0B202EC12900EAC350 /* Release */ = {
			isa = XCBuildConfiguration;
			buildSettings = {
				APPLICATION_EXTENSION_API_ONLY = YES;
				CLANG_ENABLE_MODULES = YES;
				CODE_SIGN_IDENTITY = "";
				CODE_SIGN_STYLE = Manual;
				DEFINES_MODULE = YES;
				DEVELOPMENT_TEAM = "";
				DYLIB_COMPATIBILITY_VERSION = 1;
				DYLIB_CURRENT_VERSION = 1;
				DYLIB_INSTALL_NAME_BASE = "@rpath";
				INFOPLIST_FILE = Sources/Info.plist;
				INSTALL_PATH = "$(LOCAL_LIBRARY_DIR)/Frameworks";
				LD_RUNPATH_SEARCH_PATHS = "$(inherited) @executable_path/Frameworks @loader_path/Frameworks";
				MODULEMAP_FILE = Sources/module.modulemap;
				OTHER_CFLAGS = "-DXCODE_FRAMEWORK=1";
				OTHER_SWIFT_FLAGS = "-DXCODE_FRAMEWORK";
				PRODUCT_BUNDLE_IDENTIFIER = "Braden-Scothern.SwiftyPOSIX";
				PRODUCT_MODULE_NAME = SwiftyPOSIX;
				PRODUCT_NAME = SwiftyPOSIX;
				PROVISIONING_PROFILE_SPECIFIER = "";
				SDKROOT = watchos;
				SKIP_INSTALL = YES;
				SWIFT_VERSION = 5.0;
				TARGETED_DEVICE_FAMILY = 4;
				WATCHOS_DEPLOYMENT_TARGET = 5.0;
			};
			name = Release;
		};
/* End XCBuildConfiguration section */

/* Begin XCConfigurationList section */
		F8217EFE2277FB1600A436BA /* Build configuration list for PBXAggregateTarget "Swiftlint" */ = {
			isa = XCConfigurationList;
			buildConfigurations = (
				F8217EFF2277FB1600A436BA /* Debug */,
				F8217F002277FB1600A436BA /* Release */,
			);
			defaultConfigurationIsVisible = 0;
			defaultConfigurationName = Release;
		};
		F8B1DB8B202EC07100EAC350 /* Build configuration list for PBXProject "SwiftyPOSIX" */ = {
			isa = XCConfigurationList;
			buildConfigurations = (
				F8B1DBA3202EC07100EAC350 /* Debug */,
				F8B1DBA4202EC07100EAC350 /* Release */,
			);
			defaultConfigurationIsVisible = 0;
			defaultConfigurationName = Release;
		};
		F8B1DBC1202EC10600EAC350 /* Build configuration list for PBXNativeTarget "SwiftyPOSIX iOS" */ = {
			isa = XCConfigurationList;
			buildConfigurations = (
				F8B1DBC2202EC10600EAC350 /* Debug */,
				F8B1DBC3202EC10600EAC350 /* Release */,
			);
			defaultConfigurationIsVisible = 0;
			defaultConfigurationName = Release;
		};
		F8B1DBC4202EC10600EAC350 /* Build configuration list for PBXNativeTarget "SwiftyPOSIX iOSTests" */ = {
			isa = XCConfigurationList;
			buildConfigurations = (
				F8B1DBC5202EC10600EAC350 /* Debug */,
				F8B1DBC6202EC10600EAC350 /* Release */,
			);
			defaultConfigurationIsVisible = 0;
			defaultConfigurationName = Release;
		};
		F8B1DBDD202EC11200EAC350 /* Build configuration list for PBXNativeTarget "SwiftyPOSIX macOS" */ = {
			isa = XCConfigurationList;
			buildConfigurations = (
				F8B1DBDE202EC11200EAC350 /* Debug */,
				F8B1DBDF202EC11200EAC350 /* Release */,
			);
			defaultConfigurationIsVisible = 0;
			defaultConfigurationName = Release;
		};
		F8B1DBE0202EC11200EAC350 /* Build configuration list for PBXNativeTarget "SwiftyPOSIX macOSTests" */ = {
			isa = XCConfigurationList;
			buildConfigurations = (
				F8B1DBE1202EC11200EAC350 /* Debug */,
				F8B1DBE2202EC11200EAC350 /* Release */,
			);
			defaultConfigurationIsVisible = 0;
			defaultConfigurationName = Release;
		};
		F8B1DBF9202EC11D00EAC350 /* Build configuration list for PBXNativeTarget "SwiftyPOSIX tvOS" */ = {
			isa = XCConfigurationList;
			buildConfigurations = (
				F8B1DBFA202EC11D00EAC350 /* Debug */,
				F8B1DBFB202EC11D00EAC350 /* Release */,
			);
			defaultConfigurationIsVisible = 0;
			defaultConfigurationName = Release;
		};
		F8B1DBFC202EC11D00EAC350 /* Build configuration list for PBXNativeTarget "SwiftyPOSIX tvOSTests" */ = {
			isa = XCConfigurationList;
			buildConfigurations = (
				F8B1DBFD202EC11D00EAC350 /* Debug */,
				F8B1DBFE202EC11D00EAC350 /* Release */,
			);
			defaultConfigurationIsVisible = 0;
			defaultConfigurationName = Release;
		};
		F8B1DC09202EC12900EAC350 /* Build configuration list for PBXNativeTarget "SwiftyPOSIX watchOS" */ = {
			isa = XCConfigurationList;
			buildConfigurations = (
				F8B1DC0A202EC12900EAC350 /* Debug */,
				F8B1DC0B202EC12900EAC350 /* Release */,
			);
			defaultConfigurationIsVisible = 0;
			defaultConfigurationName = Release;
		};
/* End XCConfigurationList section */
	};
	rootObject = F8B1DB88202EC07100EAC350 /* Project object */;
}
